
Microsoft Visual Studio Solution File, Format Version 12.00
# Visual Studio 14
VisualStudioVersion = 14.0.24720.0
MinimumVisualStudioVersion = 10.0.40219.1
Project("{FAE04EC0-301F-11D3-BF4B-00C04F79EFBC}") = "DotNetDash", "DotNetDash\DotNetDash.csproj", "{956D8251-A86B-4A80-8B99-5D356B6ED9FC}"
EndProject
Project("{FAE04EC0-301F-11D3-BF4B-00C04F79EFBC}") = "DotNetDash.Test", "DotNetDash.Test\DotNetDash.Test.csproj", "{AEDD1D24-7E04-4A20-AD7F-9702FF2EDD62}"
EndProject
Project("{FAE04EC0-301F-11D3-BF4B-00C04F79EFBC}") = "DotNetDash.LiveWindow", "DotNetDash.LiveWindow\DotNetDash.LiveWindow.csproj", "{BDA47DB8-EB8E-43AD-A8A1-AAD0AE9B2C8E}"
EndProject
Project("{FAE04EC0-301F-11D3-BF4B-00C04F79EFBC}") = "DotNetDash.XamlPlugins", "DotNetDash.XamlPlugins\DotNetDash.XamlPlugins.proj", "{B9B7AAD7-C3E7-44AA-9DEF-58AFF8ACD713}"
	ProjectSection(ProjectDependencies) = postProject
		{956D8251-A86B-4A80-8B99-5D356B6ED9FC} = {956D8251-A86B-4A80-8B99-5D356B6ED9FC}
	EndProjectSection
EndProject
Project("{FAE04EC0-301F-11D3-BF4B-00C04F79EFBC}") = "DotNetDash.CameraViews", "DotNetDash.CameraViews\DotNetDash.CameraViews.csproj", "{75EFB940-7C2F-4535-9C6B-A6A3BC01622B}"
EndProject
Project("{2150E333-8FDC-42A3-9474-1A3956D46DE8}") = "Solution Items", "Solution Items", "{C1E09CA6-E7D8-4BDB-AAE3-0D0D93F658BA}"
	ProjectSection(SolutionItems) = preProject
		LICENSE.txt = LICENSE.txt
		README.md = README.md
	EndProjectSection
EndProject
Project("{FAE04EC0-301F-11D3-BF4B-00C04F79EFBC}") = "DotNetDash.SpeedController", "DotNetDash.SpeedController\DotNetDash.SpeedController.csproj", "{B49B9A6F-A3ED-4BA9-A5A3-8EA783237DFC}"
EndProject
Global
	GlobalSection(SolutionConfigurationPlatforms) = preSolution
		CoreDebug|Any CPU = CoreDebug|Any CPU
		CoreDebug|x86 = CoreDebug|x86
		Debug|Any CPU = Debug|Any CPU
		Debug|x86 = Debug|x86
		Release|Any CPU = Release|Any CPU
		Release|x86 = Release|x86
	EndGlobalSection
	GlobalSection(ProjectConfigurationPlatforms) = postSolution
		{956D8251-A86B-4A80-8B99-5D356B6ED9FC}.CoreDebug|Any CPU.ActiveCfg = CoreDebug|Any CPU
		{956D8251-A86B-4A80-8B99-5D356B6ED9FC}.CoreDebug|Any CPU.Build.0 = CoreDebug|Any CPU
		{956D8251-A86B-4A80-8B99-5D356B6ED9FC}.CoreDebug|x86.ActiveCfg = CoreDebug|Any CPU
		{956D8251-A86B-4A80-8B99-5D356B6ED9FC}.Debug|Any CPU.ActiveCfg = Debug|Any CPU
		{956D8251-A86B-4A80-8B99-5D356B6ED9FC}.Debug|Any CPU.Build.0 = Debug|Any CPU
		{956D8251-A86B-4A80-8B99-5D356B6ED9FC}.Debug|x86.ActiveCfg = Debug|Any CPU
		{956D8251-A86B-4A80-8B99-5D356B6ED9FC}.Release|Any CPU.ActiveCfg = Release|Any CPU
		{956D8251-A86B-4A80-8B99-5D356B6ED9FC}.Release|Any CPU.Build.0 = Release|Any CPU
		{956D8251-A86B-4A80-8B99-5D356B6ED9FC}.Release|x86.ActiveCfg = Release|Any CPU
		{AEDD1D24-7E04-4A20-AD7F-9702FF2EDD62}.CoreDebug|Any CPU.ActiveCfg = Debug|Any CPU
		{AEDD1D24-7E04-4A20-AD7F-9702FF2EDD62}.CoreDebug|Any CPU.Build.0 = Debug|Any CPU
		{AEDD1D24-7E04-4A20-AD7F-9702FF2EDD62}.CoreDebug|x86.ActiveCfg = Debug|Any CPU
		{AEDD1D24-7E04-4A20-AD7F-9702FF2EDD62}.CoreDebug|x86.Build.0 = Debug|Any CPU
		{AEDD1D24-7E04-4A20-AD7F-9702FF2EDD62}.Debug|Any CPU.ActiveCfg = Debug|Any CPU
		{AEDD1D24-7E04-4A20-AD7F-9702FF2EDD62}.Debug|Any CPU.Build.0 = Debug|Any CPU
		{AEDD1D24-7E04-4A20-AD7F-9702FF2EDD62}.Debug|x86.ActiveCfg = Debug|Any CPU
		{AEDD1D24-7E04-4A20-AD7F-9702FF2EDD62}.Debug|x86.Build.0 = Debug|Any CPU
		{AEDD1D24-7E04-4A20-AD7F-9702FF2EDD62}.Release|Any CPU.ActiveCfg = Release|Any CPU
		{AEDD1D24-7E04-4A20-AD7F-9702FF2EDD62}.Release|Any CPU.Build.0 = Release|Any CPU
		{AEDD1D24-7E04-4A20-AD7F-9702FF2EDD62}.Release|x86.ActiveCfg = Release|Any CPU
		{AEDD1D24-7E04-4A20-AD7F-9702FF2EDD62}.Release|x86.Build.0 = Release|Any CPU
		{BDA47DB8-EB8E-43AD-A8A1-AAD0AE9B2C8E}.CoreDebug|Any CPU.ActiveCfg = Debug|Any CPU
		{BDA47DB8-EB8E-43AD-A8A1-AAD0AE9B2C8E}.CoreDebug|Any CPU.Build.0 = Debug|Any CPU
		{BDA47DB8-EB8E-43AD-A8A1-AAD0AE9B2C8E}.CoreDebug|x86.ActiveCfg = Debug|Any CPU
		{BDA47DB8-EB8E-43AD-A8A1-AAD0AE9B2C8E}.CoreDebug|x86.Build.0 = Debug|Any CPU
		{BDA47DB8-EB8E-43AD-A8A1-AAD0AE9B2C8E}.Debug|Any CPU.ActiveCfg = Debug|Any CPU
		{BDA47DB8-EB8E-43AD-A8A1-AAD0AE9B2C8E}.Debug|Any CPU.Build.0 = Debug|Any CPU
		{BDA47DB8-EB8E-43AD-A8A1-AAD0AE9B2C8E}.Debug|x86.ActiveCfg = Debug|Any CPU
		{BDA47DB8-EB8E-43AD-A8A1-AAD0AE9B2C8E}.Debug|x86.Build.0 = Debug|Any CPU
		{BDA47DB8-EB8E-43AD-A8A1-AAD0AE9B2C8E}.Release|Any CPU.ActiveCfg = Release|Any CPU
		{BDA47DB8-EB8E-43AD-A8A1-AAD0AE9B2C8E}.Release|Any CPU.Build.0 = Release|Any CPU
		{BDA47DB8-EB8E-43AD-A8A1-AAD0AE9B2C8E}.Release|x86.ActiveCfg = Release|Any CPU
		{BDA47DB8-EB8E-43AD-A8A1-AAD0AE9B2C8E}.Release|x86.Build.0 = Release|Any CPU
		{B9B7AAD7-C3E7-44AA-9DEF-58AFF8ACD713}.CoreDebug|Any CPU.ActiveCfg = Debug|x86
		{B9B7AAD7-C3E7-44AA-9DEF-58AFF8ACD713}.CoreDebug|Any CPU.Build.0 = Debug|x86
		{B9B7AAD7-C3E7-44AA-9DEF-58AFF8ACD713}.CoreDebug|x86.ActiveCfg = Debug|x86
		{B9B7AAD7-C3E7-44AA-9DEF-58AFF8ACD713}.CoreDebug|x86.Build.0 = Debug|x86
		{B9B7AAD7-C3E7-44AA-9DEF-58AFF8ACD713}.Debug|Any CPU.ActiveCfg = Debug|x86
		{B9B7AAD7-C3E7-44AA-9DEF-58AFF8ACD713}.Debug|Any CPU.Build.0 = Debug|x86
		{B9B7AAD7-C3E7-44AA-9DEF-58AFF8ACD713}.Debug|x86.ActiveCfg = Debug|x86
		{B9B7AAD7-C3E7-44AA-9DEF-58AFF8ACD713}.Debug|x86.Build.0 = Debug|x86
		{B9B7AAD7-C3E7-44AA-9DEF-58AFF8ACD713}.Release|Any CPU.ActiveCfg = Debug|x86
		{B9B7AAD7-C3E7-44AA-9DEF-58AFF8ACD713}.Release|Any CPU.Build.0 = Debug|x86
		{B9B7AAD7-C3E7-44AA-9DEF-58AFF8ACD713}.Release|x86.ActiveCfg = Debug|x86
		{B9B7AAD7-C3E7-44AA-9DEF-58AFF8ACD713}.Release|x86.Build.0 = Debug|x86
		{75EFB940-7C2F-4535-9C6B-A6A3BC01622B}.CoreDebug|Any CPU.ActiveCfg = Debug|Any CPU
		{75EFB940-7C2F-4535-9C6B-A6A3BC01622B}.CoreDebug|Any CPU.Build.0 = Debug|Any CPU
		{75EFB940-7C2F-4535-9C6B-A6A3BC01622B}.CoreDebug|x86.ActiveCfg = Debug|Any CPU
		{75EFB940-7C2F-4535-9C6B-A6A3BC01622B}.CoreDebug|x86.Build.0 = Debug|Any CPU
		{75EFB940-7C2F-4535-9C6B-A6A3BC01622B}.Debug|Any CPU.ActiveCfg = Debug|Any CPU
		{75EFB940-7C2F-4535-9C6B-A6A3BC01622B}.Debug|Any CPU.Build.0 = Debug|Any CPU
		{75EFB940-7C2F-4535-9C6B-A6A3BC01622B}.Debug|x86.ActiveCfg = Debug|Any CPU
		{75EFB940-7C2F-4535-9C6B-A6A3BC01622B}.Debug|x86.Build.0 = Debug|Any CPU
		{75EFB940-7C2F-4535-9C6B-A6A3BC01622B}.Release|Any CPU.ActiveCfg = Release|Any CPU
		{75EFB940-7C2F-4535-9C6B-A6A3BC01622B}.Release|Any CPU.Build.0 = Release|Any CPU
		{75EFB940-7C2F-4535-9C6B-A6A3BC01622B}.Release|x86.ActiveCfg = Release|Any CPU
		{75EFB940-7C2F-4535-9C6B-A6A3BC01622B}.Release|x86.Build.0 = Release|Any CPU
		{B49B9A6F-A3ED-4BA9-A5A3-8EA783237DFC}.CoreDebug|Any CPU.ActiveCfg = Debug|Any CPU
		{B49B9A6F-A3ED-4BA9-A5A3-8EA783237DFC}.CoreDebug|Any CPU.Build.0 = Debug|Any CPU
		{B49B9A6F-A3ED-4BA9-A5A3-8EA783237DFC}.CoreDebug|x86.ActiveCfg = Debug|Any CPU
		{B49B9A6F-A3ED-4BA9-A5A3-8EA783237DFC}.CoreDebug|x86.Build.0 = Debug|Any CPU
		{B49B9A6F-A3ED-4BA9-A5A3-8EA783237DFC}.Debug|Any CPU.ActiveCfg = Debug|Any CPU
		{B49B9A6F-A3ED-4BA9-A5A3-8EA783237DFC}.Debug|Any CPU.Build.0 = Debug|Any CPU
		{B49B9A6F-A3ED-4BA9-A5A3-8EA783237DFC}.Debug|x86.ActiveCfg = Debug|Any CPU
		{B49B9A6F-A3ED-4BA9-A5A3-8EA783237DFC}.Debug|x86.Build.0 = Debug|Any CPU
		{B49B9A6F-A3ED-4BA9-A5A3-8EA783237DFC}.Release|Any CPU.ActiveCfg = Release|Any CPU
		{B49B9A6F-A3ED-4BA9-A5A3-8EA783237DFC}.Release|Any CPU.Build.0 = Release|Any CPU
		{B49B9A6F-A3ED-4BA9-A5A3-8EA783237DFC}.Release|x86.ActiveCfg = Release|Any CPU
		{B49B9A6F-A3ED-4BA9-A5A3-8EA783237DFC}.Release|x86.Build.0 = Release|Any CPU
	EndGlobalSection
	GlobalSection(SolutionProperties) = preSolution
		HideSolutionNode = FALSE
	EndGlobalSection
EndGlobal
